
Microsoft Visual Studio Solution File, Format Version 12.00
# Visual Studio Version 16
VisualStudioVersion = 16.0.29926.136
MinimumVisualStudioVersion = 10.0.40219.1
Project("{FAE04EC0-301F-11D3-BF4B-00C04F79EFBC}") = "PedidosExercicio", "PedidosExercicio\PedidosExercicio.csproj", "{9523E220-9DA2-446E-889E-52112E43D279}"
EndProject
Global
	GlobalSection(SolutionConfigurationPlatforms) = preSolution
		Debug|Any CPU = Debug|Any CPU
		Release|Any CPU = Release|Any CPU
	EndGlobalSection
	GlobalSection(ProjectConfigurationPlatforms) = postSolution
		{9523E220-9DA2-446E-889E-52112E43D279}.Debug|Any CPU.ActiveCfg = Debug|Any CPU
		{9523E220-9DA2-446E-889E-52112E43D279}.Debug|Any CPU.Build.0 = Debug|Any CPU
		{9523E220-9DA2-446E-889E-52112E43D279}.Release|Any CPU.ActiveCfg = Release|Any CPU
		{9523E220-9DA2-446E-889E-52112E43D279}.Release|Any CPU.Build.0 = Release|Any CPU
	EndGlobalSection
	GlobalSection(SolutionProperties) = preSolution
		HideSolutionNode = FALSE
	EndGlobalSection
	GlobalSection(ExtensibilityGlobals) = postSolution
		SolutionGuid = {E167BFFF-CB9F-407D-9D8F-81169DF4A52D}
	EndGlobalSection
EndGlobal
